
Microsoft Visual Studio Solution File, Format Version 12.00
# Visual Studio 15
VisualStudioVersion = 15.0.28010.2036
MinimumVisualStudioVersion = 10.0.40219.1
Project("{9A19103F-16F7-4668-BE54-9A1E7A4F7556}") = "Web", "src\web\Web.csproj", "{42AAEF1C-7BC1-40DE-8488-DD1149699D2D}"
EndProject
Project("{9A19103F-16F7-4668-BE54-9A1E7A4F7556}") = "App.Metrics.Reporting.Socket", "src\App.Metrics.Reporting.Socket\App.Metrics.Reporting.Socket.csproj", "{F3997A11-5350-4469-9523-EC23C6DAB8DB}"
EndProject
Global
	GlobalSection(SolutionConfigurationPlatforms) = preSolution
		Debug|Any CPU = Debug|Any CPU
		Release|Any CPU = Release|Any CPU
	EndGlobalSection
	GlobalSection(ProjectConfigurationPlatforms) = postSolution
		{42AAEF1C-7BC1-40DE-8488-DD1149699D2D}.Debug|Any CPU.ActiveCfg = Debug|Any CPU
		{42AAEF1C-7BC1-40DE-8488-DD1149699D2D}.Debug|Any CPU.Build.0 = Debug|Any CPU
		{42AAEF1C-7BC1-40DE-8488-DD1149699D2D}.Release|Any CPU.ActiveCfg = Release|Any CPU
		{42AAEF1C-7BC1-40DE-8488-DD1149699D2D}.Release|Any CPU.Build.0 = Release|Any CPU
		{F3997A11-5350-4469-9523-EC23C6DAB8DB}.Debug|Any CPU.ActiveCfg = Debug|Any CPU
		{F3997A11-5350-4469-9523-EC23C6DAB8DB}.Debug|Any CPU.Build.0 = Debug|Any CPU
		{F3997A11-5350-4469-9523-EC23C6DAB8DB}.Release|Any CPU.ActiveCfg = Release|Any CPU
		{F3997A11-5350-4469-9523-EC23C6DAB8DB}.Release|Any CPU.Build.0 = Release|Any CPU
	EndGlobalSection
	GlobalSection(SolutionProperties) = preSolution
		HideSolutionNode = FALSE
	EndGlobalSection
	GlobalSection(ExtensibilityGlobals) = postSolution
		SolutionGuid = {B9717248-4838-4922-B9DD-C9EF88F0B6A8}
	EndGlobalSection
EndGlobal
