
Microsoft Visual Studio Solution File, Format Version 12.00
# Visual Studio 15
VisualStudioVersion = 15.0.28010.2036
MinimumVisualStudioVersion = 10.0.40219.1
Project("{9A19103F-16F7-4668-BE54-9A1E7A4F7556}") = "appmetric", "appmetric\appmetric.csproj", "{D3F6FD34-D90F-4273-9ED9-CBB966EA0F28}"
EndProject
Global
	GlobalSection(SolutionConfigurationPlatforms) = preSolution
		Debug|Any CPU = Debug|Any CPU
		Release|Any CPU = Release|Any CPU
	EndGlobalSection
	GlobalSection(ProjectConfigurationPlatforms) = postSolution
		{D3F6FD34-D90F-4273-9ED9-CBB966EA0F28}.Debug|Any CPU.ActiveCfg = Debug|Any CPU
		{D3F6FD34-D90F-4273-9ED9-CBB966EA0F28}.Debug|Any CPU.Build.0 = Debug|Any CPU
		{D3F6FD34-D90F-4273-9ED9-CBB966EA0F28}.Release|Any CPU.ActiveCfg = Release|Any CPU
		{D3F6FD34-D90F-4273-9ED9-CBB966EA0F28}.Release|Any CPU.Build.0 = Release|Any CPU
	EndGlobalSection
	GlobalSection(SolutionProperties) = preSolution
		HideSolutionNode = FALSE
	EndGlobalSection
	GlobalSection(ExtensibilityGlobals) = postSolution
		SolutionGuid = {B9717248-4838-4922-B9DD-C9EF88F0B6A8}
	EndGlobalSection
EndGlobal
